
Microsoft Visual Studio Solution File, Format Version 12.00
# Visual Studio Version 16
VisualStudioVersion = 16.0.30320.27
MinimumVisualStudioVersion = 10.0.40219.1
Project("{9A19103F-16F7-4668-BE54-9A1E7A4F7556}") = "AnonyQuest.App", "AnonyQuest.App\AnonyQuest.App.csproj", "{33972D3B-AAD3-4EF6-8FE4-26BCA8FE4D20}"
EndProject
Project("{9A19103F-16F7-4668-BE54-9A1E7A4F7556}") = "AnonyQuest.Components", "AnonyQuest.Components\AnonyQuest.Components.csproj", "{1D6AC27D-8C99-4837-84F9-163748E39294}"
EndProject
Project("{9A19103F-16F7-4668-BE54-9A1E7A4F7556}") = "AnonyQuest.Shared", "AnonyQuest.Shared\AnonyQuest.Shared.csproj", "{B9CAF387-A58E-4BA7-9717-D8DEF9A10A39}"
EndProject
Global
	GlobalSection(SolutionConfigurationPlatforms) = preSolution
		Debug|Any CPU = Debug|Any CPU
		Release|Any CPU = Release|Any CPU
	EndGlobalSection
	GlobalSection(ProjectConfigurationPlatforms) = postSolution
		{33972D3B-AAD3-4EF6-8FE4-26BCA8FE4D20}.Debug|Any CPU.ActiveCfg = Debug|Any CPU
		{33972D3B-AAD3-4EF6-8FE4-26BCA8FE4D20}.Debug|Any CPU.Build.0 = Debug|Any CPU
		{33972D3B-AAD3-4EF6-8FE4-26BCA8FE4D20}.Release|Any CPU.ActiveCfg = Release|Any CPU
		{33972D3B-AAD3-4EF6-8FE4-26BCA8FE4D20}.Release|Any CPU.Build.0 = Release|Any CPU
		{1D6AC27D-8C99-4837-84F9-163748E39294}.Debug|Any CPU.ActiveCfg = Debug|Any CPU
		{1D6AC27D-8C99-4837-84F9-163748E39294}.Debug|Any CPU.Build.0 = Debug|Any CPU
		{1D6AC27D-8C99-4837-84F9-163748E39294}.Release|Any CPU.ActiveCfg = Release|Any CPU
		{1D6AC27D-8C99-4837-84F9-163748E39294}.Release|Any CPU.Build.0 = Release|Any CPU
		{B9CAF387-A58E-4BA7-9717-D8DEF9A10A39}.Debug|Any CPU.ActiveCfg = Debug|Any CPU
		{B9CAF387-A58E-4BA7-9717-D8DEF9A10A39}.Debug|Any CPU.Build.0 = Debug|Any CPU
		{B9CAF387-A58E-4BA7-9717-D8DEF9A10A39}.Release|Any CPU.ActiveCfg = Release|Any CPU
		{B9CAF387-A58E-4BA7-9717-D8DEF9A10A39}.Release|Any CPU.Build.0 = Release|Any CPU
	EndGlobalSection
	GlobalSection(SolutionProperties) = preSolution
		HideSolutionNode = FALSE
	EndGlobalSection
	GlobalSection(ExtensibilityGlobals) = postSolution
		SolutionGuid = {D2CEC3CA-42B8-46FC-91E6-E1878B2288C1}
	EndGlobalSection
EndGlobal
